schema: '2.0'
stages:
  train:
    cmd: "python -m epml_da.modeling.train --data-path data/processed/dataset.csv
      --target quality_binary --model-name lr --output-dir models\n"
    deps:
    - path: data/processed/dataset.csv
      hash: md5
      md5: 34e518fbcff9a0d7374e4c3741614a53
      size: 66896
    - path: epml_da/modeling/train.py
      hash: md5
      md5: 3133fa99cd5abd7dfe7ccdec00f79192
      size: 2298
    params:
      params.yaml:
        train.data_path: data/processed/dataset.csv
        train.model_name: lr
        train.output_dir: models
        train.target: quality_binary
    outs:
    - path: models/lr.pkl
      hash: md5
      md5: f09745daddb1ffee1e31cb3aa56b8315
      size: 1375
    - path: models/lr_metrics.json
      hash: md5
      md5: a39c08b4ceee2f3af2a3798c768db5eb
      size: 125
