schema: '2.0'
stages:
  train:
    cmd: "python -m epml_da.modeling.train --data-path data/processed/dataset.csv
      --target quality_binary --model-name mlp --output-dir models\n"
    deps:
    - path: data/processed/dataset.csv
      hash: md5
      md5: 34e518fbcff9a0d7374e4c3741614a53
      size: 66896
    - path: epml_da/modeling/train.py
      hash: md5
      md5: 3133fa99cd5abd7dfe7ccdec00f79192
      size: 2298
    params:
      params.yaml:
        train.data_path: data/processed/dataset.csv
        train.model_name: mlp
        train.output_dir: models
        train.target: quality_binary
    outs:
    - path: models/mlp.pkl
      hash: md5
      md5: becf52343fcb99857238834a4555b6d3
      size: 104584
    - path: models/mlp_metrics.json
      hash: md5
      md5: 1f97f0cb92e2094bf5b42207c95cb37f
      size: 126
